
Microsoft Visual Studio Solution File, Format Version 12.00
# Visual Studio 15
VisualStudioVersion = 15.0.28010.2003
MinimumVisualStudioVersion = 10.0.40219.1
Project("{F184B08F-C81C-45F6-A57F-5ABD9991F28F}") = "review14_rockpaperscissors", "review14_rockpaperscissors\review14_rockpaperscissors.vbproj", "{DE54826B-6701-408A-8717-C6CF2A1420D3}"
EndProject
Global
	GlobalSection(SolutionConfigurationPlatforms) = preSolution
		Debug|Any CPU = Debug|Any CPU
		Release|Any CPU = Release|Any CPU
	EndGlobalSection
	GlobalSection(ProjectConfigurationPlatforms) = postSolution
		{DE54826B-6701-408A-8717-C6CF2A1420D3}.Debug|Any CPU.ActiveCfg = Debug|Any CPU
		{DE54826B-6701-408A-8717-C6CF2A1420D3}.Debug|Any CPU.Build.0 = Debug|Any CPU
		{DE54826B-6701-408A-8717-C6CF2A1420D3}.Release|Any CPU.ActiveCfg = Release|Any CPU
		{DE54826B-6701-408A-8717-C6CF2A1420D3}.Release|Any CPU.Build.0 = Release|Any CPU
	EndGlobalSection
	GlobalSection(SolutionProperties) = preSolution
		HideSolutionNode = FALSE
	EndGlobalSection
	GlobalSection(ExtensibilityGlobals) = postSolution
		SolutionGuid = {E0DA974F-6EAC-4783-A95F-A9979BF9E936}
	EndGlobalSection
EndGlobal
